
Microsoft Visual Studio Solution File, Format Version 12.00
# Visual Studio Version 17
VisualStudioVersion = 17.11.35208.52
MinimumVisualStudioVersion = 10.0.40219.1
Project("{FAE04EC0-301F-11D3-BF4B-00C04F79EFBC}") = "CrudNet4700154", "CrudNet4700154\CrudNet4700154.csproj", "{82043560-3B7E-414F-B877-982098E3846E}"
EndProject
Global
	GlobalSection(SolutionConfigurationPlatforms) = preSolution
		Debug|Any CPU = Debug|Any CPU
		Release|Any CPU = Release|Any CPU
	EndGlobalSection
	GlobalSection(ProjectConfigurationPlatforms) = postSolution
		{82043560-3B7E-414F-B877-982098E3846E}.Debug|Any CPU.ActiveCfg = Debug|Any CPU
		{82043560-3B7E-414F-B877-982098E3846E}.Debug|Any CPU.Build.0 = Debug|Any CPU
		{82043560-3B7E-414F-B877-982098E3846E}.Debug|Any CPU.Deploy.0 = Debug|Any CPU
		{82043560-3B7E-414F-B877-982098E3846E}.Release|Any CPU.ActiveCfg = Release|Any CPU
		{82043560-3B7E-414F-B877-982098E3846E}.Release|Any CPU.Build.0 = Release|Any CPU
		{82043560-3B7E-414F-B877-982098E3846E}.Release|Any CPU.Deploy.0 = Release|Any CPU
	EndGlobalSection
	GlobalSection(SolutionProperties) = preSolution
		HideSolutionNode = FALSE
	EndGlobalSection
	GlobalSection(ExtensibilityGlobals) = postSolution
		SolutionGuid = {B2C31A1C-4165-4C0E-B07E-69F9D27EE77E}
	EndGlobalSection
EndGlobal
